
Microsoft Visual Studio Solution File, Format Version 12.00
# Visual Studio Version 16
VisualStudioVersion = 16.0.29306.81
MinimumVisualStudioVersion = 10.0.40219.1
Project("{9A19103F-16F7-4668-BE54-9A1E7A4F7556}") = "ParserCombinator", "ParserCombinator\ParserCombinator.csproj", "{BEDAD7EB-B455-4074-A3E4-C0F9497C87D7}"
EndProject
Project("{9A19103F-16F7-4668-BE54-9A1E7A4F7556}") = "ParserCombinatorのテスト", "ParserCombinatorのテスト\ParserCombinatorのテスト.csproj", "{805D79EA-69B4-4251-A168-9E84CCAC6E78}"
EndProject
Project("{9A19103F-16F7-4668-BE54-9A1E7A4F7556}") = "JsonParser", "JsonParser\JsonParser.csproj", "{C2DF01F4-804C-4E1B-AD6C-25F0AC502FF8}"
EndProject
Project("{9A19103F-16F7-4668-BE54-9A1E7A4F7556}") = "JsonParserテスト", "JsonParserテスト\JsonParserテスト.csproj", "{BC87C5A9-0C6A-489D-BC2F-56CCFE01E40D}"
EndProject
Project("{FAE04EC0-301F-11D3-BF4B-00C04F79EFBC}") = "PaformanceTest", "PaformanceTest\PaformanceTest.csproj", "{25A833F3-67C5-46DA-BA8D-5A3EBD9FBD93}"
EndProject
Project("{FAE04EC0-301F-11D3-BF4B-00C04F79EFBC}") = "SpracheJSONのテスト", "SpracheJSONのテスト\SpracheJSONのテスト.csproj", "{FDB6C97D-6EE1-4CA5-93D0-EC5F388A5810}"
EndProject
Global
	GlobalSection(SolutionConfigurationPlatforms) = preSolution
		Debug|Any CPU = Debug|Any CPU
		Release|Any CPU = Release|Any CPU
	EndGlobalSection
	GlobalSection(ProjectConfigurationPlatforms) = postSolution
		{BEDAD7EB-B455-4074-A3E4-C0F9497C87D7}.Debug|Any CPU.ActiveCfg = Debug|Any CPU
		{BEDAD7EB-B455-4074-A3E4-C0F9497C87D7}.Debug|Any CPU.Build.0 = Debug|Any CPU
		{BEDAD7EB-B455-4074-A3E4-C0F9497C87D7}.Release|Any CPU.ActiveCfg = Release|Any CPU
		{BEDAD7EB-B455-4074-A3E4-C0F9497C87D7}.Release|Any CPU.Build.0 = Release|Any CPU
		{805D79EA-69B4-4251-A168-9E84CCAC6E78}.Debug|Any CPU.ActiveCfg = Debug|Any CPU
		{805D79EA-69B4-4251-A168-9E84CCAC6E78}.Debug|Any CPU.Build.0 = Debug|Any CPU
		{805D79EA-69B4-4251-A168-9E84CCAC6E78}.Release|Any CPU.ActiveCfg = Release|Any CPU
		{805D79EA-69B4-4251-A168-9E84CCAC6E78}.Release|Any CPU.Build.0 = Release|Any CPU
		{C2DF01F4-804C-4E1B-AD6C-25F0AC502FF8}.Debug|Any CPU.ActiveCfg = Debug|Any CPU
		{C2DF01F4-804C-4E1B-AD6C-25F0AC502FF8}.Debug|Any CPU.Build.0 = Debug|Any CPU
		{C2DF01F4-804C-4E1B-AD6C-25F0AC502FF8}.Release|Any CPU.ActiveCfg = Release|Any CPU
		{C2DF01F4-804C-4E1B-AD6C-25F0AC502FF8}.Release|Any CPU.Build.0 = Release|Any CPU
		{BC87C5A9-0C6A-489D-BC2F-56CCFE01E40D}.Debug|Any CPU.ActiveCfg = Debug|Any CPU
		{BC87C5A9-0C6A-489D-BC2F-56CCFE01E40D}.Debug|Any CPU.Build.0 = Debug|Any CPU
		{BC87C5A9-0C6A-489D-BC2F-56CCFE01E40D}.Release|Any CPU.ActiveCfg = Release|Any CPU
		{BC87C5A9-0C6A-489D-BC2F-56CCFE01E40D}.Release|Any CPU.Build.0 = Release|Any CPU
		{25A833F3-67C5-46DA-BA8D-5A3EBD9FBD93}.Debug|Any CPU.ActiveCfg = Debug|Any CPU
		{25A833F3-67C5-46DA-BA8D-5A3EBD9FBD93}.Debug|Any CPU.Build.0 = Debug|Any CPU
		{25A833F3-67C5-46DA-BA8D-5A3EBD9FBD93}.Release|Any CPU.ActiveCfg = Release|Any CPU
		{25A833F3-67C5-46DA-BA8D-5A3EBD9FBD93}.Release|Any CPU.Build.0 = Release|Any CPU
		{FDB6C97D-6EE1-4CA5-93D0-EC5F388A5810}.Debug|Any CPU.ActiveCfg = Debug|Any CPU
		{FDB6C97D-6EE1-4CA5-93D0-EC5F388A5810}.Debug|Any CPU.Build.0 = Debug|Any CPU
		{FDB6C97D-6EE1-4CA5-93D0-EC5F388A5810}.Release|Any CPU.ActiveCfg = Release|Any CPU
		{FDB6C97D-6EE1-4CA5-93D0-EC5F388A5810}.Release|Any CPU.Build.0 = Release|Any CPU
	EndGlobalSection
	GlobalSection(SolutionProperties) = preSolution
		HideSolutionNode = FALSE
	EndGlobalSection
	GlobalSection(ExtensibilityGlobals) = postSolution
		SolutionGuid = {5B90030C-31E9-482D-901D-BD7B9F331A8B}
	EndGlobalSection
EndGlobal
